// !$*UTF8*$!
{
	archiveVersion = 1;
	classes = {
	};
	objectVersion = 56;
	objects = {

/* Begin PBXBuildFile section */
		DF17AD762AB1215A00999F93 /* EcommerceAppApp.swift in Sources */ = {isa = PBXBuildFile; fileRef = DF17AD752AB1215A00999F93 /* EcommerceAppApp.swift */; };
		DF17AD782AB1215A00999F93 /* ContentView.swift in Sources */ = {isa = PBXBuildFile; fileRef = DF17AD772AB1215A00999F93 /* ContentView.swift */; };
		DF17AD7A2AB1215B00999F93 /* Assets.xcassets in Resources */ = {isa = PBXBuildFile; fileRef = DF17AD792AB1215B00999F93 /* Assets.xcassets */; };
		DF17AD7D2AB1215B00999F93 /* Preview Assets.xcassets in Resources */ = {isa = PBXBuildFile; fileRef = DF17AD7C2AB1215B00999F93 /* Preview Assets.xcassets */; };
		DF402BF32AB3C8F9006FA307 /* Categories.swift in Sources */ = {isa = PBXBuildFile; fileRef = DF402BF22AB3C8F9006FA307 /* Categories.swift */; };
		DF9570BD2AB7506100C49F0F /* ProductList.swift in Sources */ = {isa = PBXBuildFile; fileRef = DF9570BC2AB7506100C49F0F /* ProductList.swift */; };
		DF9570C22AB7B98600C49F0F /* HomeView.swift in Sources */ = {isa = PBXBuildFile; fileRef = DF9570C12AB7B98600C49F0F /* HomeView.swift */; };
		DFC27EA82AB3A8290077D61B /* AppBar.swift in Sources */ = {isa = PBXBuildFile; fileRef = DFC27EA72AB3A8290077D61B /* AppBar.swift */; };
		DFC27EAA2AB3AC2C0077D61B /* SearchBar.swift in Sources */ = {isa = PBXBuildFile; fileRef = DFC27EA92AB3AC2C0077D61B /* SearchBar.swift */; };
		DFC27EAC2AB3ACCE0077D61B /* Banner.swift in Sources */ = {isa = PBXBuildFile; fileRef = DFC27EAB2AB3ACCE0077D61B /* Banner.swift */; };
/* End PBXBuildFile section */

/* Begin PBXFileReference section */
		DF17AD722AB1215A00999F93 /* EcommerceApp.app */ = {isa = PBXFileReference; explicitFileType = wrapper.application; includeInIndex = 0; path = EcommerceApp.app; sourceTree = BUILT_PRODUCTS_DIR; };
		DF17AD752AB1215A00999F93 /* EcommerceAppApp.swift */ = {isa = PBXFileReference; lastKnownFileType = sourcecode.swift; path = EcommerceAppApp.swift; sourceTree = "<group>"; };
		DF17AD772AB1215A00999F93 /* ContentView.swift */ = {isa = PBXFileReference; lastKnownFileType = sourcecode.swift; path = ContentView.swift; sourceTree = "<group>"; };
		DF17AD792AB1215B00999F93 /* Assets.xcassets */ = {isa = PBXFileReference; lastKnownFileType = folder.assetcatalog; path = Assets.xcassets; sourceTree = "<group>"; };
		DF17AD7C2AB1215B00999F93 /* Preview Assets.xcassets */ = {isa = PBXFileReference; lastKnownFileType = folder.assetcatalog; path = "Preview Assets.xcassets"; sourceTree = "<group>"; };
		DF402BF22AB3C8F9006FA307 /* Categories.swift */ = {isa = PBXFileReference; lastKnownFileType = sourcecode.swift; path = Categories.swift; sourceTree = "<group>"; };
		DF9570BC2AB7506100C49F0F /* ProductList.swift */ = {isa = PBXFileReference; lastKnownFileType = sourcecode.swift; path = ProductList.swift; sourceTree = "<group>"; };
		DF9570C12AB7B98600C49F0F /* HomeView.swift */ = {isa = PBXFileReference; lastKnownFileType = sourcecode.swift; path = HomeView.swift; sourceTree = "<group>"; };
		DFC27EA72AB3A8290077D61B /* AppBar.swift */ = {isa = PBXFileReference; lastKnownFileType = sourcecode.swift; path = AppBar.swift; sourceTree = "<group>"; };
		DFC27EA92AB3AC2C0077D61B /* SearchBar.swift */ = {isa = PBXFileReference; lastKnownFileType = sourcecode.swift; path = SearchBar.swift; sourceTree = "<group>"; };
		DFC27EAB2AB3ACCE0077D61B /* Banner.swift */ = {isa = PBXFileReference; lastKnownFileType = sourcecode.swift; path = Banner.swift; sourceTree = "<group>"; };
/* End PBXFileReference section */

/* Begin PBXFrameworksBuildPhase section */
		DF17AD6F2AB1215A00999F93 /* Frameworks */ = {
			isa = PBXFrameworksBuildPhase;
			buildActionMask = 2147483647;
			files = (
			);
			runOnlyForDeploymentPostprocessing = 0;
		};
/* End PBXFrameworksBuildPhase section */

/* Begin PBXGroup section */
		DF17AD692AB1215A00999F93 = {
			isa = PBXGroup;
			children = (
				DF17AD742AB1215A00999F93 /* EcommerceApp */,
				DF17AD732AB1215A00999F93 /* Products */,
			);
			sourceTree = "<group>";
		};
		DF17AD732AB1215A00999F93 /* Products */ = {
			isa = PBXGroup;
			children = (
				DF17AD722AB1215A00999F93 /* EcommerceApp.app */,
			);
			name = Products;
			sourceTree = "<group>";
		};
		DF17AD742AB1215A00999F93 /* EcommerceApp */ = {
			isa = PBXGroup;
			children = (
				DF9570C02AB7B8F700C49F0F /* Screens */,
				DF9570BF2AB7B6DB00C49F0F /* Components */,
				DF17AD752AB1215A00999F93 /* EcommerceAppApp.swift */,
				DF17AD772AB1215A00999F93 /* ContentView.swift */,
				DF17AD792AB1215B00999F93 /* Assets.xcassets */,
				DF17AD7B2AB1215B00999F93 /* Preview Content */,
			);
			path = EcommerceApp;
			sourceTree = "<group>";
		};
		DF17AD7B2AB1215B00999F93 /* Preview Content */ = {
			isa = PBXGroup;
			children = (
				DF17AD7C2AB1215B00999F93 /* Preview Assets.xcassets */,
			);
			path = "Preview Content";
			sourceTree = "<group>";
		};
		DF9570BF2AB7B6DB00C49F0F /* Components */ = {
			isa = PBXGroup;
			children = (
				DFC27EAB2AB3ACCE0077D61B /* Banner.swift */,
				DF402BF22AB3C8F9006FA307 /* Categories.swift */,
				DFC27EA92AB3AC2C0077D61B /* SearchBar.swift */,
				DFC27EA72AB3A8290077D61B /* AppBar.swift */,
				DF9570BC2AB7506100C49F0F /* ProductList.swift */,
			);
			path = Components;
			sourceTree = "<group>";
		};
		DF9570C02AB7B8F700C49F0F /* Screens */ = {
			isa = PBXGroup;
			children = (
				DF9570C12AB7B98600C49F0F /* HomeView.swift */,
			);
			path = Screens;
			sourceTree = "<group>";
		};
/* End PBXGroup section */

/* Begin PBXNativeTarget section */
		DF17AD712AB1215A00999F93 /* EcommerceApp */ = {
			isa = PBXNativeTarget;
			buildConfigurationList = DF17AD802AB1215B00999F93 /* Build configuration list for PBXNativeTarget "EcommerceApp" */;
			buildPhases = (
				DF17AD6E2AB1215A00999F93 /* Sources */,
				DF17AD6F2AB1215A00999F93 /* Frameworks */,
				DF17AD702AB1215A00999F93 /* Resources */,
			);
			buildRules = (
			);
			dependencies = (
			);
			name = EcommerceApp;
			productName = EcommerceApp;
			productReference = DF17AD722AB1215A00999F93 /* EcommerceApp.app */;
			productType = "com.apple.product-type.application";
		};
/* End PBXNativeTarget section */

/* Begin PBXProject section */
		DF17AD6A2AB1215A00999F93 /* Project object */ = {
			isa = PBXProject;
			attributes = {
				BuildIndependentTargetsInParallel = 1;
				LastSwiftUpdateCheck = 1420;
				LastUpgradeCheck = 1420;
				TargetAttributes = {
					DF17AD712AB1215A00999F93 = {
						CreatedOnToolsVersion = 14.2;
					};
				};
			};
			buildConfigurationList = DF17AD6D2AB1215A00999F93 /* Build configuration list for PBXProject "EcommerceApp" */;
			compatibilityVersion = "Xcode 14.0";
			developmentRegion = en;
			hasScannedForEncodings = 0;
			knownRegions = (
				en,
				Base,
			);
			mainGroup = DF17AD692AB1215A00999F93;
			productRefGroup = DF17AD732AB1215A00999F93 /* Products */;
			projectDirPath = "";
			projectRoot = "";
			targets = (
				DF17AD712AB1215A00999F93 /* EcommerceApp */,
			);
		};
/* End PBXProject section */

/* Begin PBXResourcesBuildPhase section */
		DF17AD702AB1215A00999F93 /* Resources */ = {
			isa = PBXResourcesBuildPhase;
			buildActionMask = 2147483647;
			files = (
				DF17AD7D2AB1215B00999F93 /* Preview Assets.xcassets in Resources */,
				DF17AD7A2AB1215B00999F93 /* Assets.xcassets in Resources */,
			);
			runOnlyForDeploymentPostprocessing = 0;
		};
/* End PBXResourcesBuildPhase section */

/* Begin PBXSourcesBuildPhase section */
		DF17AD6E2AB1215A00999F93 /* Sources */ = {
			isa = PBXSourcesBuildPhase;
			buildActionMask = 2147483647;
			files = (
				DF17AD782AB1215A00999F93 /* ContentView.swift in Sources */,
				DFC27EAA2AB3AC2C0077D61B /* SearchBar.swift in Sources */,
				DFC27EAC2AB3ACCE0077D61B /* Banner.swift in Sources */,
				DFC27EA82AB3A8290077D61B /* AppBar.swift in Sources */,
				DF9570BD2AB7506100C49F0F /* ProductList.swift in Sources */,
				DF9570C22AB7B98600C49F0F /* HomeView.swift in Sources */,
				DF17AD762AB1215A00999F93 /* EcommerceAppApp.swift in Sources */,
				DF402BF32AB3C8F9006FA307 /* Categories.swift in Sources */,
			);
			runOnlyForDeploymentPostprocessing = 0;
		};
/* End PBXSourcesBuildPhase section */

/* Begin XCBuildConfiguration section */
		DF17AD7E2AB1215B00999F93 /* Debug */ = {
			isa = XCBuildConfiguration;
			buildSettings = {
				ALWAYS_SEARCH_USER_PATHS = NO;
				CLANG_ANALYZER_NONNULL = YES;
				CLANG_ANALYZER_NUMBER_OBJECT_CONVERSION = YES_AGGRESSIVE;
				CLANG_CXX_LANGUAGE_STANDARD = "gnu++20";
				CLANG_ENABLE_MODULES = YES;
				CLANG_ENABLE_OBJC_ARC = YES;
				CLANG_ENABLE_OBJC_WEAK = YES;
				CLANG_WARN_BLOCK_CAPTURE_AUTORELEASING = YES;
				CLANG_WARN_BOOL_CONVERSION = YES;
				CLANG_WARN_COMMA = YES;
				CLANG_WARN_CONSTANT_CONVERSION = YES;
				CLANG_WARN_DEPRECATED_OBJC_IMPLEMENTATIONS = YES;
				CLANG_WARN_DIRECT_OBJC_ISA_USAGE = YES_ERROR;
				CLANG_WARN_DOCUMENTATION_COMMENTS = YES;
				CLANG_WARN_EMPTY_BODY = YES;
				CLANG_WARN_ENUM_CONVERSION = YES;
				CLANG_WARN_INFINITE_RECURSION = YES;
				CLANG_WARN_INT_CONVERSION = YES;
				CLANG_WARN_NON_LITERAL_NULL_CONVERSION = YES;
				CLANG_WARN_OBJC_IMPLICIT_RETAIN_SELF = YES;
				CLANG_WARN_OBJC_LITERAL_CONVERSION = YES;
				CLANG_WARN_OBJC_ROOT_CLASS = YES_ERROR;
				CLANG_WARN_QUOTED_INCLUDE_IN_FRAMEWORK_HEADER = YES;
				CLANG_WARN_RANGE_LOOP_ANALYSIS = YES;
				CLANG_WARN_STRICT_PROTOTYPES = YES;
				CLANG_WARN_SUSPICIOUS_MOVE = YES;
				CLANG_WARN_UNGUARDED_AVAILABILITY = YES_AGGRESSIVE;
				CLANG_WARN_UNREACHABLE_CODE = YES;
				CLANG_WARN__DUPLICATE_METHOD_MATCH = YES;
				COPY_PHASE_STRIP = NO;
				DEBUG_INFORMATION_FORMAT = dwarf;
				ENABLE_STRICT_OBJC_MSGSEND = YES;
				ENABLE_TESTABILITY = YES;
				GCC_C_LANGUAGE_STANDARD = gnu11;
				GCC_DYNAMIC_NO_PIC = NO;
				GCC_NO_COMMON_BLOCKS = YES;
				GCC_OPTIMIZATION_LEVEL = 0;
				GCC_PREPROCESSOR_DEFINITIONS = (
					"DEBUG=1",
					"$(inherited)",
				);
				GCC_WARN_64_TO_32_BIT_CONVERSION = YES;
				GCC_WARN_ABOUT_RETURN_TYPE = YES_ERROR;
				GCC_WARN_UNDECLARED_SELECTOR = YES;
				GCC_WARN_UNINITIALIZED_AUTOS = YES_AGGRESSIVE;
				GCC_WARN_UNUSED_FUNCTION = YES;
				GCC_WARN_UNUSED_VARIABLE = YES;
				IPHONEOS_DEPLOYMENT_TARGET = 16.2;
				MTL_ENABLE_DEBUG_INFO = INCLUDE_SOURCE;
				MTL_FAST_MATH = YES;
				ONLY_ACTIVE_ARCH = YES;
				SDKROOT = iphoneos;
				SWIFT_ACTIVE_COMPILATION_CONDITIONS = DEBUG;
				SWIFT_OPTIMIZATION_LEVEL = "-Onone";
			};
			name = Debug;
		};
		DF17AD7F2AB1215B00999F93 /* Release */ = {
			isa = XCBuildConfiguration;
			buildSettings = {
				ALWAYS_SEARCH_USER_PATHS = NO;
				CLANG_ANALYZER_NONNULL = YES;
				CLANG_ANALYZER_NUMBER_OBJECT_CONVERSION = YES_AGGRESSIVE;
				CLANG_CXX_LANGUAGE_STANDARD = "gnu++20";
				CLANG_ENABLE_MODULES = YES;
				CLANG_ENABLE_OBJC_ARC = YES;
				CLANG_ENABLE_OBJC_WEAK = YES;
				CLANG_WARN_BLOCK_CAPTURE_AUTORELEASING = YES;
				CLANG_WARN_BOOL_CONVERSION = YES;
				CLANG_WARN_COMMA = YES;
				CLANG_WARN_CONSTANT_CONVERSION = YES;
				CLANG_WARN_DEPRECATED_OBJC_IMPLEMENTATIONS = YES;
				CLANG_WARN_DIRECT_OBJC_ISA_USAGE = YES_ERROR;
				CLANG_WARN_DOCUMENTATION_COMMENTS = YES;
				CLANG_WARN_EMPTY_BODY = YES;
				CLANG_WARN_ENUM_CONVERSION = YES;
				CLANG_WARN_INFINITE_RECURSION = YES;
				CLANG_WARN_INT_CONVERSION = YES;
				CLANG_WARN_NON_LITERAL_NULL_CONVERSION = YES;
				CLANG_WARN_OBJC_IMPLICIT_RETAIN_SELF = YES;
				CLANG_WARN_OBJC_LITERAL_CONVERSION = YES;
				CLANG_WARN_OBJC_ROOT_CLASS = YES_ERROR;
				CLANG_WARN_QUOTED_INCLUDE_IN_FRAMEWORK_HEADER = YES;
				CLANG_WARN_RANGE_LOOP_ANALYSIS = YES;
				CLANG_WARN_STRICT_PROTOTYPES = YES;
				CLANG_WARN_SUSPICIOUS_MOVE = YES;
				CLANG_WARN_UNGUARDED_AVAILABILITY = YES_AGGRESSIVE;
				CLANG_WARN_UNREACHABLE_CODE = YES;
				CLANG_WARN__DUPLICATE_METHOD_MATCH = YES;
				COPY_PHASE_STRIP = NO;
				DEBUG_INFORMATION_FORMAT = "dwarf-with-dsym";
				ENABLE_NS_ASSERTIONS = NO;
				ENABLE_STRICT_OBJC_MSGSEND = YES;
				GCC_C_LANGUAGE_STANDARD = gnu11;
				GCC_NO_COMMON_BLOCKS = YES;
				GCC_WARN_64_TO_32_BIT_CONVERSION = YES;
				GCC_WARN_ABOUT_RETURN_TYPE = YES_ERROR;
				GCC_WARN_UNDECLARED_SELECTOR = YES;
				GCC_WARN_UNINITIALIZED_AUTOS = YES_AGGRESSIVE;
				GCC_WARN_UNUSED_FUNCTION = YES;
				GCC_WARN_UNUSED_VARIABLE = YES;
				IPHONEOS_DEPLOYMENT_TARGET = 16.2;
				MTL_ENABLE_DEBUG_INFO = NO;
				MTL_FAST_MATH = YES;
				SDKROOT = iphoneos;
				SWIFT_COMPILATION_MODE = wholemodule;
				SWIFT_OPTIMIZATION_LEVEL = "-O";
				VALIDATE_PRODUCT = YES;
			};
			name = Release;
		};
		DF17AD812AB1215B00999F93 /* Debug */ = {
			isa = XCBuildConfiguration;
			buildSettings = {
				ASSETCATALOG_COMPILER_APPICON_NAME = AppIcon;
				ASSETCATALOG_COMPILER_GLOBAL_ACCENT_COLOR_NAME = AccentColor;
				CODE_SIGN_STYLE = Automatic;
				CURRENT_PROJECT_VERSION = 1;
				DEVELOPMENT_ASSET_PATHS = "\"EcommerceApp/Preview Content\"";
				DEVELOPMENT_TEAM = 97YKAHBMG9;
				ENABLE_PREVIEWS = YES;
				GENERATE_INFOPLIST_FILE = YES;
				INFOPLIST_KEY_UIApplicationSceneManifest_Generation = YES;
				INFOPLIST_KEY_UIApplicationSupportsIndirectInputEvents = YES;
				INFOPLIST_KEY_UILaunchScreen_Generation = YES;
				INFOPLIST_KEY_UISupportedInterfaceOrientations_iPad = "UIInterfaceOrientationPortrait UIInterfaceOrientationPortraitUpsideDown UIInterfaceOrientationLandscapeLeft UIInterfaceOrientationLandscapeRight";
				INFOPLIST_KEY_UISupportedInterfaceOrientations_iPhone = "UIInterfaceOrientationPortrait UIInterfaceOrientationLandscapeLeft UIInterfaceOrientationLandscapeRight";
				LD_RUNPATH_SEARCH_PATHS = (
					"$(inherited)",
					"@executable_path/Frameworks",
				);
				MARKETING_VERSION = 1.0;
				PRODUCT_BUNDLE_IDENTIFIER = br.com.isadora.EcommerceApp;
				PRODUCT_NAME = "$(TARGET_NAME)";
				SWIFT_EMIT_LOC_STRINGS = YES;
				SWIFT_VERSION = 5.0;
				TARGETED_DEVICE_FAMILY = "1,2";
			};
			name = Debug;
		};
		DF17AD822AB1215B00999F93 /* Release */ = {
			isa = XCBuildConfiguration;
			buildSettings = {
				ASSETCATALOG_COMPILER_APPICON_NAME = AppIcon;
				ASSETCATALOG_COMPILER_GLOBAL_ACCENT_COLOR_NAME = AccentColor;
				CODE_SIGN_STYLE = Automatic;
				CURRENT_PROJECT_VERSION = 1;
				DEVELOPMENT_ASSET_PATHS = "\"EcommerceApp/Preview Content\"";
				DEVELOPMENT_TEAM = 97YKAHBMG9;
				ENABLE_PREVIEWS = YES;
				GENERATE_INFOPLIST_FILE = YES;
				INFOPLIST_KEY_UIApplicationSceneManifest_Generation = YES;
				INFOPLIST_KEY_UIApplicationSupportsIndirectInputEvents = YES;
				INFOPLIST_KEY_UILaunchScreen_Generation = YES;
				INFOPLIST_KEY_UISupportedInterfaceOrientations_iPad = "UIInterfaceOrientationPortrait UIInterfaceOrientationPortraitUpsideDown UIInterfaceOrientationLandscapeLeft UIInterfaceOrientationLandscapeRight";
				INFOPLIST_KEY_UISupportedInterfaceOrientations_iPhone = "UIInterfaceOrientationPortrait UIInterfaceOrientationLandscapeLeft UIInterfaceOrientationLandscapeRight";
				LD_RUNPATH_SEARCH_PATHS = (
					"$(inherited)",
					"@executable_path/Frameworks",
				);
				MARKETING_VERSION = 1.0;
				PRODUCT_BUNDLE_IDENTIFIER = br.com.isadora.EcommerceApp;
				PRODUCT_NAME = "$(TARGET_NAME)";
				SWIFT_EMIT_LOC_STRINGS = YES;
				SWIFT_VERSION = 5.0;
				TARGETED_DEVICE_FAMILY = "1,2";
			};
			name = Release;
		};
/* End XCBuildConfiguration section */

/* Begin XCConfigurationList section */
		DF17AD6D2AB1215A00999F93 /* Build configuration list for PBXProject "EcommerceApp" */ = {
			isa = XCConfigurationList;
			buildConfigurations = (
				DF17AD7E2AB1215B00999F93 /* Debug */,
				DF17AD7F2AB1215B00999F93 /* Release */,
			);
			defaultConfigurationIsVisible = 0;
			defaultConfigurationName = Release;
		};
		DF17AD802AB1215B00999F93 /* Build configuration list for PBXNativeTarget "EcommerceApp" */ = {
			isa = XCConfigurationList;
			buildConfigurations = (
				DF17AD812AB1215B00999F93 /* Debug */,
				DF17AD822AB1215B00999F93 /* Release */,
			);
			defaultConfigurationIsVisible = 0;
			defaultConfigurationName = Release;
		};
/* End XCConfigurationList section */
	};
	rootObject = DF17AD6A2AB1215A00999F93 /* Project object */;
}
